
Microsoft Visual Studio Solution File, Format Version 12.00
# Visual Studio Version 16
VisualStudioVersion = 25.0.1705.3
MinimumVisualStudioVersion = 10.0.40219.1
Project("{FAE04EC0-301F-11D3-BF4B-00C04F79EFBC}") = "Study_Queue", "Study_Queue\Study_Queue.csproj", "{9B66F401-91A4-4E41-8E81-8E83F48788C3}"
EndProject
Global
	GlobalSection(SolutionConfigurationPlatforms) = preSolution
		Debug|Any CPU = Debug|Any CPU
		Release|Any CPU = Release|Any CPU
	EndGlobalSection
	GlobalSection(ProjectConfigurationPlatforms) = postSolution
		{9B66F401-91A4-4E41-8E81-8E83F48788C3}.Debug|Any CPU.ActiveCfg = Debug|Any CPU
		{9B66F401-91A4-4E41-8E81-8E83F48788C3}.Debug|Any CPU.Build.0 = Debug|Any CPU
		{9B66F401-91A4-4E41-8E81-8E83F48788C3}.Release|Any CPU.ActiveCfg = Release|Any CPU
		{9B66F401-91A4-4E41-8E81-8E83F48788C3}.Release|Any CPU.Build.0 = Release|Any CPU
	EndGlobalSection
	GlobalSection(SolutionProperties) = preSolution
		HideSolutionNode = FALSE
	EndGlobalSection
	GlobalSection(ExtensibilityGlobals) = postSolution
		SolutionGuid = {140A9D18-A8A2-4028-8BA6-9590F3B31F9F}
	EndGlobalSection
EndGlobal
